
Microsoft Visual Studio Solution File, Format Version 12.00
# Visual Studio Version 17
VisualStudioVersion = 17.11.35312.102
MinimumVisualStudioVersion = 10.0.40219.1
Project("{2150E333-8FDC-42A3-9474-1A3956D46DE8}") = "SharpMikLibs", "SharpMikLibs", "{B46595F2-3621-4BD4-A250-60099B39CE4B}"
EndProject
Project("{2150E333-8FDC-42A3-9474-1A3956D46DE8}") = "Tools", "Tools", "{93A87F23-A185-48D0-9DA1-EBBEB77B2775}"
EndProject
Project("{2150E333-8FDC-42A3-9474-1A3956D46DE8}") = "TestApplications", "TestApplications", "{89F35D11-6DC3-439C-AE9C-6DAECAE15CAB}"
EndProject
Project("{2150E333-8FDC-42A3-9474-1A3956D46DE8}") = "Windows", "Windows", "{0DC1E338-CC1B-4316-9831-02E0AD7DC1D5}"
EndProject
Project("{9A19103F-16F7-4668-BE54-9A1E7A4F7556}") = "SharpMik", "SharpMik\SharpMik.csproj", "{DE1F0D72-F331-461F-A784-392348643BAA}"
EndProject
Project("{9A19103F-16F7-4668-BE54-9A1E7A4F7556}") = "SharpMikNAudio", "SharpMik\SharpMikNAudio.csproj", "{95FC7357-E061-4611-A674-98D0499DC202}"
EndProject
Project("{9A19103F-16F7-4668-BE54-9A1E7A4F7556}") = "WindowsTest", "WindowsTest\WindowsTest.csproj", "{FB5B65BF-EDAB-441C-B1BE-EBE75F1F0238}"
EndProject
Project("{9A19103F-16F7-4668-BE54-9A1E7A4F7556}") = "CommandTest", "CommandTest\CommandTest.csproj", "{C23913D7-9826-4E0C-AE9E-61585AA40FF7}"
EndProject
Project("{2150E333-8FDC-42A3-9474-1A3956D46DE8}") = "Solution Items", "Solution Items", "{786E8D05-294C-43DD-8643-AA4FA11CF918}"
	ProjectSection(SolutionItems) = preProject
		.gitignore = .gitignore
		LICENSE = LICENSE
		README.md = README.md
	EndProjectSection
EndProject
Global
	GlobalSection(SolutionConfigurationPlatforms) = preSolution
		Debug|Any CPU = Debug|Any CPU
		Debug|Mixed Platforms = Debug|Mixed Platforms
		Debug|Windows Phone = Debug|Windows Phone
		Debug|x86 = Debug|x86
		Debug|Xbox 360 = Debug|Xbox 360
		Release|Any CPU = Release|Any CPU
		Release|Mixed Platforms = Release|Mixed Platforms
		Release|Windows Phone = Release|Windows Phone
		Release|x86 = Release|x86
		Release|Xbox 360 = Release|Xbox 360
	EndGlobalSection
	GlobalSection(ProjectConfigurationPlatforms) = postSolution
		{DE1F0D72-F331-461F-A784-392348643BAA}.Debug|Any CPU.ActiveCfg = Debug|Any CPU
		{DE1F0D72-F331-461F-A784-392348643BAA}.Debug|Any CPU.Build.0 = Debug|Any CPU
		{DE1F0D72-F331-461F-A784-392348643BAA}.Debug|Mixed Platforms.ActiveCfg = Debug|Any CPU
		{DE1F0D72-F331-461F-A784-392348643BAA}.Debug|Mixed Platforms.Build.0 = Debug|Any CPU
		{DE1F0D72-F331-461F-A784-392348643BAA}.Debug|Windows Phone.ActiveCfg = Debug|Any CPU
		{DE1F0D72-F331-461F-A784-392348643BAA}.Debug|x86.ActiveCfg = Debug|Any CPU
		{DE1F0D72-F331-461F-A784-392348643BAA}.Debug|x86.Build.0 = Debug|Any CPU
		{DE1F0D72-F331-461F-A784-392348643BAA}.Debug|Xbox 360.ActiveCfg = Debug|Any CPU
		{DE1F0D72-F331-461F-A784-392348643BAA}.Release|Any CPU.ActiveCfg = Release|Any CPU
		{DE1F0D72-F331-461F-A784-392348643BAA}.Release|Any CPU.Build.0 = Release|Any CPU
		{DE1F0D72-F331-461F-A784-392348643BAA}.Release|Mixed Platforms.ActiveCfg = Release|Any CPU
		{DE1F0D72-F331-461F-A784-392348643BAA}.Release|Mixed Platforms.Build.0 = Release|Any CPU
		{DE1F0D72-F331-461F-A784-392348643BAA}.Release|Windows Phone.ActiveCfg = Release|Any CPU
		{DE1F0D72-F331-461F-A784-392348643BAA}.Release|x86.ActiveCfg = Release|Any CPU
		{DE1F0D72-F331-461F-A784-392348643BAA}.Release|x86.Build.0 = Release|Any CPU
		{DE1F0D72-F331-461F-A784-392348643BAA}.Release|Xbox 360.ActiveCfg = Release|Any CPU
		{95FC7357-E061-4611-A674-98D0499DC202}.Debug|Any CPU.ActiveCfg = Debug|Any CPU
		{95FC7357-E061-4611-A674-98D0499DC202}.Debug|Any CPU.Build.0 = Debug|Any CPU
		{95FC7357-E061-4611-A674-98D0499DC202}.Debug|Mixed Platforms.ActiveCfg = Debug|Any CPU
		{95FC7357-E061-4611-A674-98D0499DC202}.Debug|Mixed Platforms.Build.0 = Debug|Any CPU
		{95FC7357-E061-4611-A674-98D0499DC202}.Debug|Windows Phone.ActiveCfg = Debug|Any CPU
		{95FC7357-E061-4611-A674-98D0499DC202}.Debug|x86.ActiveCfg = Debug|Any CPU
		{95FC7357-E061-4611-A674-98D0499DC202}.Debug|x86.Build.0 = Debug|Any CPU
		{95FC7357-E061-4611-A674-98D0499DC202}.Debug|Xbox 360.ActiveCfg = Debug|Any CPU
		{95FC7357-E061-4611-A674-98D0499DC202}.Release|Any CPU.ActiveCfg = Release|Any CPU
		{95FC7357-E061-4611-A674-98D0499DC202}.Release|Any CPU.Build.0 = Release|Any CPU
		{95FC7357-E061-4611-A674-98D0499DC202}.Release|Mixed Platforms.ActiveCfg = Release|Any CPU
		{95FC7357-E061-4611-A674-98D0499DC202}.Release|Mixed Platforms.Build.0 = Release|Any CPU
		{95FC7357-E061-4611-A674-98D0499DC202}.Release|Windows Phone.ActiveCfg = Release|Any CPU
		{95FC7357-E061-4611-A674-98D0499DC202}.Release|x86.ActiveCfg = Release|Any CPU
		{95FC7357-E061-4611-A674-98D0499DC202}.Release|x86.Build.0 = Release|Any CPU
		{95FC7357-E061-4611-A674-98D0499DC202}.Release|Xbox 360.ActiveCfg = Release|Any CPU
		{FB5B65BF-EDAB-441C-B1BE-EBE75F1F0238}.Debug|Any CPU.ActiveCfg = Debug|Any CPU
		{FB5B65BF-EDAB-441C-B1BE-EBE75F1F0238}.Debug|Any CPU.Build.0 = Debug|Any CPU
		{FB5B65BF-EDAB-441C-B1BE-EBE75F1F0238}.Debug|Mixed Platforms.ActiveCfg = Debug|Any CPU
		{FB5B65BF-EDAB-441C-B1BE-EBE75F1F0238}.Debug|Mixed Platforms.Build.0 = Debug|Any CPU
		{FB5B65BF-EDAB-441C-B1BE-EBE75F1F0238}.Debug|Windows Phone.ActiveCfg = Debug|Any CPU
		{FB5B65BF-EDAB-441C-B1BE-EBE75F1F0238}.Debug|Windows Phone.Build.0 = Debug|Any CPU
		{FB5B65BF-EDAB-441C-B1BE-EBE75F1F0238}.Debug|x86.ActiveCfg = Debug|Any CPU
		{FB5B65BF-EDAB-441C-B1BE-EBE75F1F0238}.Debug|x86.Build.0 = Debug|Any CPU
		{FB5B65BF-EDAB-441C-B1BE-EBE75F1F0238}.Debug|Xbox 360.ActiveCfg = Debug|Any CPU
		{FB5B65BF-EDAB-441C-B1BE-EBE75F1F0238}.Debug|Xbox 360.Build.0 = Debug|Any CPU
		{FB5B65BF-EDAB-441C-B1BE-EBE75F1F0238}.Release|Any CPU.ActiveCfg = Release|Any CPU
		{FB5B65BF-EDAB-441C-B1BE-EBE75F1F0238}.Release|Any CPU.Build.0 = Release|Any CPU
		{FB5B65BF-EDAB-441C-B1BE-EBE75F1F0238}.Release|Mixed Platforms.ActiveCfg = Release|Any CPU
		{FB5B65BF-EDAB-441C-B1BE-EBE75F1F0238}.Release|Mixed Platforms.Build.0 = Release|Any CPU
		{FB5B65BF-EDAB-441C-B1BE-EBE75F1F0238}.Release|Windows Phone.ActiveCfg = Release|Any CPU
		{FB5B65BF-EDAB-441C-B1BE-EBE75F1F0238}.Release|Windows Phone.Build.0 = Release|Any CPU
		{FB5B65BF-EDAB-441C-B1BE-EBE75F1F0238}.Release|x86.ActiveCfg = Release|Any CPU
		{FB5B65BF-EDAB-441C-B1BE-EBE75F1F0238}.Release|x86.Build.0 = Release|Any CPU
		{FB5B65BF-EDAB-441C-B1BE-EBE75F1F0238}.Release|Xbox 360.ActiveCfg = Release|Any CPU
		{FB5B65BF-EDAB-441C-B1BE-EBE75F1F0238}.Release|Xbox 360.Build.0 = Release|Any CPU
		{C23913D7-9826-4E0C-AE9E-61585AA40FF7}.Debug|Any CPU.ActiveCfg = Debug|Any CPU
		{C23913D7-9826-4E0C-AE9E-61585AA40FF7}.Debug|Any CPU.Build.0 = Debug|Any CPU
		{C23913D7-9826-4E0C-AE9E-61585AA40FF7}.Debug|Mixed Platforms.ActiveCfg = Debug|Any CPU
		{C23913D7-9826-4E0C-AE9E-61585AA40FF7}.Debug|Mixed Platforms.Build.0 = Debug|Any CPU
		{C23913D7-9826-4E0C-AE9E-61585AA40FF7}.Debug|Windows Phone.ActiveCfg = Debug|Any CPU
		{C23913D7-9826-4E0C-AE9E-61585AA40FF7}.Debug|Windows Phone.Build.0 = Debug|Any CPU
		{C23913D7-9826-4E0C-AE9E-61585AA40FF7}.Debug|x86.ActiveCfg = Debug|Any CPU
		{C23913D7-9826-4E0C-AE9E-61585AA40FF7}.Debug|x86.Build.0 = Debug|Any CPU
		{C23913D7-9826-4E0C-AE9E-61585AA40FF7}.Debug|Xbox 360.ActiveCfg = Debug|Any CPU
		{C23913D7-9826-4E0C-AE9E-61585AA40FF7}.Debug|Xbox 360.Build.0 = Debug|Any CPU
		{C23913D7-9826-4E0C-AE9E-61585AA40FF7}.Release|Any CPU.ActiveCfg = Release|Any CPU
		{C23913D7-9826-4E0C-AE9E-61585AA40FF7}.Release|Any CPU.Build.0 = Release|Any CPU
		{C23913D7-9826-4E0C-AE9E-61585AA40FF7}.Release|Mixed Platforms.ActiveCfg = Release|Any CPU
		{C23913D7-9826-4E0C-AE9E-61585AA40FF7}.Release|Mixed Platforms.Build.0 = Release|Any CPU
		{C23913D7-9826-4E0C-AE9E-61585AA40FF7}.Release|Windows Phone.ActiveCfg = Release|Any CPU
		{C23913D7-9826-4E0C-AE9E-61585AA40FF7}.Release|Windows Phone.Build.0 = Release|Any CPU
		{C23913D7-9826-4E0C-AE9E-61585AA40FF7}.Release|x86.ActiveCfg = Release|Any CPU
		{C23913D7-9826-4E0C-AE9E-61585AA40FF7}.Release|x86.Build.0 = Release|Any CPU
		{C23913D7-9826-4E0C-AE9E-61585AA40FF7}.Release|Xbox 360.ActiveCfg = Release|Any CPU
		{C23913D7-9826-4E0C-AE9E-61585AA40FF7}.Release|Xbox 360.Build.0 = Release|Any CPU
	EndGlobalSection
	GlobalSection(SolutionProperties) = preSolution
		HideSolutionNode = FALSE
	EndGlobalSection
	GlobalSection(NestedProjects) = preSolution
		{0DC1E338-CC1B-4316-9831-02E0AD7DC1D5} = {89F35D11-6DC3-439C-AE9C-6DAECAE15CAB}
		{DE1F0D72-F331-461F-A784-392348643BAA} = {B46595F2-3621-4BD4-A250-60099B39CE4B}
		{95FC7357-E061-4611-A674-98D0499DC202} = {B46595F2-3621-4BD4-A250-60099B39CE4B}
		{FB5B65BF-EDAB-441C-B1BE-EBE75F1F0238} = {0DC1E338-CC1B-4316-9831-02E0AD7DC1D5}
		{C23913D7-9826-4E0C-AE9E-61585AA40FF7} = {93A87F23-A185-48D0-9DA1-EBBEB77B2775}
	EndGlobalSection
	GlobalSection(ExtensibilityGlobals) = postSolution
		SolutionGuid = {CF652935-6C83-4F13-851F-320CBDC8BE30}
	EndGlobalSection
EndGlobal
